{
  "name": "minecraft-bot",
  "version": "1.0.0",
  "lockfileVersion": 3,
  "requires": true,
  "packages": {
    "": {
      "name": "minecraft-bot",
      "version": "1.0.0",
      "license": "ISC",
      "dependencies": {
        "mineflayer": "^4.16.1"
      }
    },
    "node_modules/mineflayer": {
      "version": "4.16.1",
      "resolved": "https://registry.npmjs.org/mineflayer/-/mineflayer-4.16.1.tgz",
      "integrity": "sha512-8EosgtiuWQ3Df0m2wOghZdxSu4I2e7TdJ3MNROCnOUpVxD0z7Ey6QW8YPrFZ5T1AQSk/6UsxD4vJzBdrM0KRPg=="
    }
  },
  "dependencies": {
    "mineflayer": {
      "version": "4.16.1",
      "resolved": "https://registry.npmjs.org/mineflayer/-/mineflayer-4.16.1.tgz",
      "integrity": "sha512-8EosgtiuWQ3Df0m2wOghZdxSu4I2e7TdJ3MNROCnOUpVxD0z7Ey6QW8YPrFZ5T1AQSk/6UsxD4vJzBdrM0KRPg=="
    }
  }
}